
Microsoft Visual Studio Solution File, Format Version 12.00
# Visual Studio Version 17
VisualStudioVersion = 17.4.33205.214
MinimumVisualStudioVersion = 10.0.40219.1
Project("{FAE04EC0-301F-11D3-BF4B-00C04F79EFBC}") = "BuscadorCEP", "BuscadorCEP\BuscadorCEP.csproj", "{051F9D6B-A939-4CFD-A5FA-4FD31B3ADF3B}"
EndProject
Global
	GlobalSection(SolutionConfigurationPlatforms) = preSolution
		Debug|Any CPU = Debug|Any CPU
		Release|Any CPU = Release|Any CPU
	EndGlobalSection
	GlobalSection(ProjectConfigurationPlatforms) = postSolution
		{051F9D6B-A939-4CFD-A5FA-4FD31B3ADF3B}.Debug|Any CPU.ActiveCfg = Debug|Any CPU
		{051F9D6B-A939-4CFD-A5FA-4FD31B3ADF3B}.Debug|Any CPU.Build.0 = Debug|Any CPU
		{051F9D6B-A939-4CFD-A5FA-4FD31B3ADF3B}.Release|Any CPU.ActiveCfg = Release|Any CPU
		{051F9D6B-A939-4CFD-A5FA-4FD31B3ADF3B}.Release|Any CPU.Build.0 = Release|Any CPU
	EndGlobalSection
	GlobalSection(SolutionProperties) = preSolution
		HideSolutionNode = FALSE
	EndGlobalSection
	GlobalSection(ExtensibilityGlobals) = postSolution
		SolutionGuid = {202F3D0E-2A9B-4A02-996C-E44790496218}
	EndGlobalSection
EndGlobal
